
Microsoft Visual Studio Solution File, Format Version 12.00
# Visual Studio Version 17
VisualStudioVersion = 17.4.33213.308
MinimumVisualStudioVersion = 10.0.40219.1
Project("{FAE04EC0-301F-11D3-BF4B-00C04F79EFBC}") = "Pr1", "Pr1.csproj", "{A01765A4-AAD6-4A64-8730-E91433FCFD9A}"
EndProject
Global
	GlobalSection(SolutionConfigurationPlatforms) = preSolution
		Debug|Any CPU = Debug|Any CPU
		Release|Any CPU = Release|Any CPU
	EndGlobalSection
	GlobalSection(ProjectConfigurationPlatforms) = postSolution
		{A01765A4-AAD6-4A64-8730-E91433FCFD9A}.Debug|Any CPU.ActiveCfg = Debug|Any CPU
		{A01765A4-AAD6-4A64-8730-E91433FCFD9A}.Debug|Any CPU.Build.0 = Debug|Any CPU
		{A01765A4-AAD6-4A64-8730-E91433FCFD9A}.Release|Any CPU.ActiveCfg = Release|Any CPU
		{A01765A4-AAD6-4A64-8730-E91433FCFD9A}.Release|Any CPU.Build.0 = Release|Any CPU
	EndGlobalSection
	GlobalSection(SolutionProperties) = preSolution
		HideSolutionNode = FALSE
	EndGlobalSection
	GlobalSection(ExtensibilityGlobals) = postSolution
		SolutionGuid = {70799DAE-C72C-48FF-B903-5C602AA11B26}
	EndGlobalSection
EndGlobal
